
Microsoft Visual Studio Solution File, Format Version 12.00
# Visual Studio Version 17
VisualStudioVersion = 17.14.36310.24 d17.14
MinimumVisualStudioVersion = 10.0.40219.1
Project("{FAE04EC0-301F-11D3-BF4B-00C04F79EFBC}") = "ElectronConsoleApp", "ElectronConsoleApp.csproj", "{E884179C-3799-4689-AF2D-E24E8B770D8D}"
EndProject
Global
	GlobalSection(SolutionConfigurationPlatforms) = preSolution
		Debug|Any CPU = Debug|Any CPU
		Release|Any CPU = Release|Any CPU
	EndGlobalSection
	GlobalSection(ProjectConfigurationPlatforms) = postSolution
		{E884179C-3799-4689-AF2D-E24E8B770D8D}.Debug|Any CPU.ActiveCfg = Debug|Any CPU
		{E884179C-3799-4689-AF2D-E24E8B770D8D}.Debug|Any CPU.Build.0 = Debug|Any CPU
		{E884179C-3799-4689-AF2D-E24E8B770D8D}.Release|Any CPU.ActiveCfg = Release|Any CPU
		{E884179C-3799-4689-AF2D-E24E8B770D8D}.Release|Any CPU.Build.0 = Release|Any CPU
	EndGlobalSection
	GlobalSection(SolutionProperties) = preSolution
		HideSolutionNode = FALSE
	EndGlobalSection
	GlobalSection(ExtensibilityGlobals) = postSolution
		SolutionGuid = {47331EA3-4DF1-40BC-AF16-19926BB224F3}
	EndGlobalSection
EndGlobal
